
Microsoft Visual Studio Solution File, Format Version 12.00
# Visual Studio Version 16
VisualStudioVersion = 16.0.31624.102
MinimumVisualStudioVersion = 10.0.40219.1
Project("{8BC9CEB8-8B4A-11D0-8D11-00A0C91BC942}") = "TaskN1_Hello, World!_", "TaskN1_Hello, World!_\TaskN1_Hello, World!_.vcxproj", "{382196ED-CF57-4976-86A4-2CB790CB5FC8}"
EndProject
Global
	GlobalSection(SolutionConfigurationPlatforms) = preSolution
		Debug|x64 = Debug|x64
		Debug|x86 = Debug|x86
		Release|x64 = Release|x64
		Release|x86 = Release|x86
	EndGlobalSection
	GlobalSection(ProjectConfigurationPlatforms) = postSolution
		{382196ED-CF57-4976-86A4-2CB790CB5FC8}.Debug|x64.ActiveCfg = Debug|x64
		{382196ED-CF57-4976-86A4-2CB790CB5FC8}.Debug|x64.Build.0 = Debug|x64
		{382196ED-CF57-4976-86A4-2CB790CB5FC8}.Debug|x86.ActiveCfg = Debug|Win32
		{382196ED-CF57-4976-86A4-2CB790CB5FC8}.Debug|x86.Build.0 = Debug|Win32
		{382196ED-CF57-4976-86A4-2CB790CB5FC8}.Release|x64.ActiveCfg = Release|x64
		{382196ED-CF57-4976-86A4-2CB790CB5FC8}.Release|x64.Build.0 = Release|x64
		{382196ED-CF57-4976-86A4-2CB790CB5FC8}.Release|x86.ActiveCfg = Release|Win32
		{382196ED-CF57-4976-86A4-2CB790CB5FC8}.Release|x86.Build.0 = Release|Win32
	EndGlobalSection
	GlobalSection(SolutionProperties) = preSolution
		HideSolutionNode = FALSE
	EndGlobalSection
	GlobalSection(ExtensibilityGlobals) = postSolution
		SolutionGuid = {98475D04-FD86-4DE0-8AC3-A8AAE7366DF1}
	EndGlobalSection
EndGlobal
